
Microsoft Visual Studio Solution File, Format Version 12.00
# Visual Studio Version 16
VisualStudioVersion = 16.0.32901.82
MinimumVisualStudioVersion = 10.0.40219.1
Project("{FAE04EC0-301F-11D3-BF4B-00C04F79EFBC}") = "dz1", "dz1\dz1.csproj", "{88A4D7C9-A717-48C8-9B4A-09808773170A}"
EndProject
Global
	GlobalSection(SolutionConfigurationPlatforms) = preSolution
		Debug|Any CPU = Debug|Any CPU
		Release|Any CPU = Release|Any CPU
	EndGlobalSection
	GlobalSection(ProjectConfigurationPlatforms) = postSolution
		{88A4D7C9-A717-48C8-9B4A-09808773170A}.Debug|Any CPU.ActiveCfg = Debug|Any CPU
		{88A4D7C9-A717-48C8-9B4A-09808773170A}.Debug|Any CPU.Build.0 = Debug|Any CPU
		{88A4D7C9-A717-48C8-9B4A-09808773170A}.Release|Any CPU.ActiveCfg = Release|Any CPU
		{88A4D7C9-A717-48C8-9B4A-09808773170A}.Release|Any CPU.Build.0 = Release|Any CPU
	EndGlobalSection
	GlobalSection(SolutionProperties) = preSolution
		HideSolutionNode = FALSE
	EndGlobalSection
	GlobalSection(ExtensibilityGlobals) = postSolution
		SolutionGuid = {916CF6CC-18A3-4FF7-878B-1CDBA4950CFF}
	EndGlobalSection
EndGlobal
